
Microsoft Visual Studio Solution File, Format Version 12.00
# Visual Studio Version 17
VisualStudioVersion = 17.2.32630.192
MinimumVisualStudioVersion = 10.0.40219.1
Project("{FAE04EC0-301F-11D3-BF4B-00C04F79EFBC}") = "FoxitFormRecognition", "FoxitFormRecognition\FoxitFormRecognition.csproj", "{3E017E61-4B2B-4758-82A7-C16E58EA0296}"
EndProject
Global
	GlobalSection(SolutionConfigurationPlatforms) = preSolution
		Debug|Any CPU = Debug|Any CPU
		Release|Any CPU = Release|Any CPU
	EndGlobalSection
	GlobalSection(ProjectConfigurationPlatforms) = postSolution
		{3E017E61-4B2B-4758-82A7-C16E58EA0296}.Debug|Any CPU.ActiveCfg = Debug|Any CPU
		{3E017E61-4B2B-4758-82A7-C16E58EA0296}.Debug|Any CPU.Build.0 = Debug|Any CPU
		{3E017E61-4B2B-4758-82A7-C16E58EA0296}.Release|Any CPU.ActiveCfg = Release|Any CPU
		{3E017E61-4B2B-4758-82A7-C16E58EA0296}.Release|Any CPU.Build.0 = Release|Any CPU
	EndGlobalSection
	GlobalSection(SolutionProperties) = preSolution
		HideSolutionNode = FALSE
	EndGlobalSection
	GlobalSection(ExtensibilityGlobals) = postSolution
		SolutionGuid = {A7FD58ED-DFC5-4685-BF5B-80B752119545}
	EndGlobalSection
EndGlobal
